PODS:
  - PromiseKit (6.5.0):
    - PromiseKit/CorePromise (= 6.5.0)
    - PromiseKit/Foundation (= 6.5.0)
    - PromiseKit/UIKit (= 6.5.0)
  - PromiseKit/CorePromise (6.5.0)
  - PromiseKit/Foundation (6.5.0):
    - PromiseKit/CorePromise
  - SearchBox (1.0.0):
    - PromiseKit/CorePromise (~> 6.5)
    - SwiftyBeaver (~> 1.5)
  - SwiftyBeaver (1.6.1)

DEPENDENCIES:
  - PromiseKit (from `~/Desktop/Xcode Projects/Libraries/PromiseKitCoreExt`)
  - SearchBox (from `../`)
  - SwiftyBeaver (~> 1.5)

SPEC REPOS:
  https://github.com/cocoapods/specs.git:
    - SwiftyBeaver

EXTERNAL SOURCES:
  PromiseKit:
    :path: "~/Desktop/Xcode Projects/Libraries/PromiseKitCoreExt"
  SearchBox:
    :path: "../"

SPEC CHECKSUMS:
  PromiseKit: 1ade5ea41e88882cb654f2c726d275bb93a20360
  SearchBox: 2fa9c39222f4a427a171f4d5cf6f52b9acada34d
  SwiftyBeaver: ccfcdf85a04d429f1633f668650b0ce8020bda3a

PODFILE CHECKSUM: a15965be1b709ebc3f969fab01fcfd1441469c73

COCOAPODS: 1.5.3
