PODS:
  - PromiseKit (6.5.0):
    - PromiseKit/CorePromise (= 6.5.0)
    - PromiseKit/Foundation (= 6.5.0)
    - PromiseKit/UIKit (= 6.5.0)
  - PromiseKit/CorePromise (6.5.0)
  - PromiseKit/Foundation (6.5.0):
    - PromiseKit/CorePromise
  - SearchBox (1.0.0):
    - PromiseKit/CorePromise (~> 6.5)
    - SwiftyBeaver (~> 1.5)
  - SwiftyBeaver (1.6.1)

DEPENDENCIES:
  - PromiseKit (from `~/Desktop/Xcode Projects/Libraries/PromiseKitCore`)
  - SearchBox (from `../`)
  - SwiftyBeaver (~> 1.5)

SPEC REPOS:
  https://github.com/cocoapods/specs.git:
    - SwiftyBeaver

EXTERNAL SOURCES:
  PromiseKit:
    :path: "~/Desktop/Xcode Projects/Libraries/PromiseKitCore"
  SearchBox:
    :path: "../"

SPEC CHECKSUMS:
  PromiseKit: 1ade5ea41e88882cb654f2c726d275bb93a20360
  SearchBox: c1b5d0e740cd6d750674c80b99789880065edc20
  SwiftyBeaver: ccfcdf85a04d429f1633f668650b0ce8020bda3a

PODFILE CHECKSUM: d33e316acea64d524c099661798037df3dcef77d

COCOAPODS: 1.5.3
