{
  "object": {
    "pins": [
      {
        "package": "ConcurrencyKit",
        "repositoryURL": "https://github.com/dougzilla32/ConcurrencyKit",
        "state": {
          "branch": null,
          "revision": "285741ad2bd0e7bfb764eea46e5d9faaeedfc639",
          "version": "1.0.0"
        }
      }
    ]
  },
  "version": 1
}
